
Microsoft Visual Studio Solution File, Format Version 12.00
# Visual Studio 15
VisualStudioVersion = 15.0.27004.2006
MinimumVisualStudioVersion = 10.0.40219.1
Project("{FAE04EC0-301F-11D3-BF4B-00C04F79EFBC}") = "AskTheUser", "AskTheUser\AskTheUser.csproj", "{97769683-5498-4160-89CF-E17A92FD2ACC}"
EndProject
Global
	GlobalSection(SolutionConfigurationPlatforms) = preSolution
		Debug|Any CPU = Debug|Any CPU
		Release|Any CPU = Release|Any CPU
	EndGlobalSection
	GlobalSection(ProjectConfigurationPlatforms) = postSolution
		{97769683-5498-4160-89CF-E17A92FD2ACC}.Debug|Any CPU.ActiveCfg = Debug|Any CPU
		{97769683-5498-4160-89CF-E17A92FD2ACC}.Debug|Any CPU.Build.0 = Debug|Any CPU
		{97769683-5498-4160-89CF-E17A92FD2ACC}.Release|Any CPU.ActiveCfg = Release|Any CPU
		{97769683-5498-4160-89CF-E17A92FD2ACC}.Release|Any CPU.Build.0 = Release|Any CPU
	EndGlobalSection
	GlobalSection(SolutionProperties) = preSolution
		HideSolutionNode = FALSE
	EndGlobalSection
	GlobalSection(ExtensibilityGlobals) = postSolution
		SolutionGuid = {BC7476F1-616A-47D9-8613-24900EC98307}
	EndGlobalSection
EndGlobal
