
Microsoft Visual Studio Solution File, Format Version 12.00
# Visual Studio 15
VisualStudioVersion = 15.0.27004.2006
MinimumVisualStudioVersion = 10.0.40219.1
Project("{FAE04EC0-301F-11D3-BF4B-00C04F79EFBC}") = "MerryChristmas", "MerryChristmas\MerryChristmas.csproj", "{F935AE0C-8F78-4ACF-B896-C220FBCA5F54}"
EndProject
Global
	GlobalSection(SolutionConfigurationPlatforms) = preSolution
		Debug|Any CPU = Debug|Any CPU
		Release|Any CPU = Release|Any CPU
	EndGlobalSection
	GlobalSection(ProjectConfigurationPlatforms) = postSolution
		{F935AE0C-8F78-4ACF-B896-C220FBCA5F54}.Debug|Any CPU.ActiveCfg = Debug|Any CPU
		{F935AE0C-8F78-4ACF-B896-C220FBCA5F54}.Debug|Any CPU.Build.0 = Debug|Any CPU
		{F935AE0C-8F78-4ACF-B896-C220FBCA5F54}.Release|Any CPU.ActiveCfg = Release|Any CPU
		{F935AE0C-8F78-4ACF-B896-C220FBCA5F54}.Release|Any CPU.Build.0 = Release|Any CPU
	EndGlobalSection
	GlobalSection(SolutionProperties) = preSolution
		HideSolutionNode = FALSE
	EndGlobalSection
	GlobalSection(ExtensibilityGlobals) = postSolution
		SolutionGuid = {6C183E77-DF76-4B40-913F-2EE06201C613}
	EndGlobalSection
EndGlobal
