
Microsoft Visual Studio Solution File, Format Version 12.00
# Visual Studio 15
VisualStudioVersion = 15.0.27004.2006
MinimumVisualStudioVersion = 10.0.40219.1
Project("{FAE04EC0-301F-11D3-BF4B-00C04F79EFBC}") = "BooleanLogic", "BooleanLogic\BooleanLogic.csproj", "{80F20ABF-9677-4281-9668-4959EAD79C3C}"
EndProject
Global
	GlobalSection(SolutionConfigurationPlatforms) = preSolution
		Debug|Any CPU = Debug|Any CPU
		Release|Any CPU = Release|Any CPU
	EndGlobalSection
	GlobalSection(ProjectConfigurationPlatforms) = postSolution
		{80F20ABF-9677-4281-9668-4959EAD79C3C}.Debug|Any CPU.ActiveCfg = Debug|Any CPU
		{80F20ABF-9677-4281-9668-4959EAD79C3C}.Debug|Any CPU.Build.0 = Debug|Any CPU
		{80F20ABF-9677-4281-9668-4959EAD79C3C}.Release|Any CPU.ActiveCfg = Release|Any CPU
		{80F20ABF-9677-4281-9668-4959EAD79C3C}.Release|Any CPU.Build.0 = Release|Any CPU
	EndGlobalSection
	GlobalSection(SolutionProperties) = preSolution
		HideSolutionNode = FALSE
	EndGlobalSection
	GlobalSection(ExtensibilityGlobals) = postSolution
		SolutionGuid = {947F8AF8-8EFC-4C3E-B33C-DA6BF706C6EB}
	EndGlobalSection
EndGlobal
