
Microsoft Visual Studio Solution File, Format Version 12.00
# Visual Studio 15
VisualStudioVersion = 15.0.27004.2006
MinimumVisualStudioVersion = 10.0.40219.1
Project("{FAE04EC0-301F-11D3-BF4B-00C04F79EFBC}") = "ProjectStructure", "ProjectStructure\ProjectStructure.csproj", "{C0990406-354A-4EE0-A072-5330D9305E6A}"
EndProject
Global
	GlobalSection(SolutionConfigurationPlatforms) = preSolution
		Debug|Any CPU = Debug|Any CPU
		Release|Any CPU = Release|Any CPU
	EndGlobalSection
	GlobalSection(ProjectConfigurationPlatforms) = postSolution
		{C0990406-354A-4EE0-A072-5330D9305E6A}.Debug|Any CPU.ActiveCfg = Debug|Any CPU
		{C0990406-354A-4EE0-A072-5330D9305E6A}.Debug|Any CPU.Build.0 = Debug|Any CPU
		{C0990406-354A-4EE0-A072-5330D9305E6A}.Release|Any CPU.ActiveCfg = Release|Any CPU
		{C0990406-354A-4EE0-A072-5330D9305E6A}.Release|Any CPU.Build.0 = Release|Any CPU
	EndGlobalSection
	GlobalSection(SolutionProperties) = preSolution
		HideSolutionNode = FALSE
	EndGlobalSection
	GlobalSection(ExtensibilityGlobals) = postSolution
		SolutionGuid = {279D5DA1-03E1-4FB4-BA14-03AAC99AF3E1}
	EndGlobalSection
EndGlobal
