
Microsoft Visual Studio Solution File, Format Version 12.00
# Visual Studio 15
VisualStudioVersion = 15.0.27004.2006
MinimumVisualStudioVersion = 10.0.40219.1
Project("{FAE04EC0-301F-11D3-BF4B-00C04F79EFBC}") = "HelloWorld", "HelloWorld\HelloWorld.csproj", "{202AAA70-0408-4A4C-B208-59ACEE680510}"
EndProject
Global
	GlobalSection(SolutionConfigurationPlatforms) = preSolution
		Debug|Any CPU = Debug|Any CPU
		Release|Any CPU = Release|Any CPU
	EndGlobalSection
	GlobalSection(ProjectConfigurationPlatforms) = postSolution
		{202AAA70-0408-4A4C-B208-59ACEE680510}.Debug|Any CPU.ActiveCfg = Debug|Any CPU
		{202AAA70-0408-4A4C-B208-59ACEE680510}.Debug|Any CPU.Build.0 = Debug|Any CPU
		{202AAA70-0408-4A4C-B208-59ACEE680510}.Release|Any CPU.ActiveCfg = Release|Any CPU
		{202AAA70-0408-4A4C-B208-59ACEE680510}.Release|Any CPU.Build.0 = Release|Any CPU
	EndGlobalSection
	GlobalSection(SolutionProperties) = preSolution
		HideSolutionNode = FALSE
	EndGlobalSection
	GlobalSection(ExtensibilityGlobals) = postSolution
		SolutionGuid = {D374B19E-916D-4150-B267-A4C426350988}
	EndGlobalSection
EndGlobal
