
Microsoft Visual Studio Solution File, Format Version 12.00
# Visual Studio 15
VisualStudioVersion = 15.0.27004.2006
MinimumVisualStudioVersion = 10.0.40219.1
Project("{9A19103F-16F7-4668-BE54-9A1E7A4F7556}") = "HelloWorld", "HelloWorld\HelloWorld.csproj", "{202AAA70-0408-4A4C-B208-59ACEE680510}"
EndProject
Project("{2150E333-8FDC-42A3-9474-1A3956D46DE8}") = "Solution Items", "Solution Items", "{8A24F6A9-38ED-466A-ADFF-D0A714D30B86}"
	ProjectSection(SolutionItems) = preProject
		..\..\README.md = ..\..\README.md
	EndProjectSection
EndProject
Global
	GlobalSection(SolutionConfigurationPlatforms) = preSolution
		Debug|Any CPU = Debug|Any CPU
		Release|Any CPU = Release|Any CPU
	EndGlobalSection
	GlobalSection(ProjectConfigurationPlatforms) = postSolution
		{202AAA70-0408-4A4C-B208-59ACEE680510}.Debug|Any CPU.ActiveCfg = Debug|Any CPU
		{202AAA70-0408-4A4C-B208-59ACEE680510}.Debug|Any CPU.Build.0 = Debug|Any CPU
		{202AAA70-0408-4A4C-B208-59ACEE680510}.Release|Any CPU.ActiveCfg = Release|Any CPU
		{202AAA70-0408-4A4C-B208-59ACEE680510}.Release|Any CPU.Build.0 = Release|Any CPU
	EndGlobalSection
	GlobalSection(SolutionProperties) = preSolution
		HideSolutionNode = FALSE
	EndGlobalSection
	GlobalSection(ExtensibilityGlobals) = postSolution
		SolutionGuid = {D374B19E-916D-4150-B267-A4C426350988}
	EndGlobalSection
EndGlobal
